{
  "name": "vifm-portal",
  "version": "1.0.0",
  "lockfileVersion": 3,
  "requires": true,
  "packages": {
    "": {
      "name": "vifm-portal",
      "version": "1.0.0",
      "license": "Proprietary",
      "devDependencies": {},
      "engines": {
        "node": ">=14.0.0"
      }
    }
  }
}
